
Microsoft Visual Studio Solution File, Format Version 12.00
# Visual Studio 2013
VisualStudioVersion = 12.0.31101.0
MinimumVisualStudioVersion = 10.0.40219.1
Project("{FAE04EC0-301F-11D3-BF4B-00C04F79EFBC}") = "ParallelMethods", "Parallel\ParallelMethods.csproj", "{88C9F7E3-2301-4083-A78E-B5FE93802FB6}"
EndProject
Project("{FAE04EC0-301F-11D3-BF4B-00C04F79EFBC}") = "Helpers", "Helpers\Helpers.csproj", "{51F07A40-3F24-4326-91BF-12BAFBE8EB49}"
EndProject
Project("{FAE04EC0-301F-11D3-BF4B-00C04F79EFBC}") = "TaskConcepts", "TaskConcepts\TaskConcepts.csproj", "{21668D7C-3415-4BCC-8A64-3C6511B47A47}"
EndProject
Project("{FAE04EC0-301F-11D3-BF4B-00C04F79EFBC}") = "LINQConcepts", "LINQConcepts\LINQConcepts.csproj", "{C810974D-ED6C-4841-BC38-2E047CB65318}"
EndProject
Global
	GlobalSection(SolutionConfigurationPlatforms) = preSolution
		Debug|Any CPU = Debug|Any CPU
		Release|Any CPU = Release|Any CPU
	EndGlobalSection
	GlobalSection(ProjectConfigurationPlatforms) = postSolution
		{88C9F7E3-2301-4083-A78E-B5FE93802FB6}.Debug|Any CPU.ActiveCfg = Debug|Any CPU
		{88C9F7E3-2301-4083-A78E-B5FE93802FB6}.Debug|Any CPU.Build.0 = Debug|Any CPU
		{88C9F7E3-2301-4083-A78E-B5FE93802FB6}.Release|Any CPU.ActiveCfg = Release|Any CPU
		{88C9F7E3-2301-4083-A78E-B5FE93802FB6}.Release|Any CPU.Build.0 = Release|Any CPU
		{51F07A40-3F24-4326-91BF-12BAFBE8EB49}.Debug|Any CPU.ActiveCfg = Debug|Any CPU
		{51F07A40-3F24-4326-91BF-12BAFBE8EB49}.Debug|Any CPU.Build.0 = Debug|Any CPU
		{51F07A40-3F24-4326-91BF-12BAFBE8EB49}.Release|Any CPU.ActiveCfg = Release|Any CPU
		{51F07A40-3F24-4326-91BF-12BAFBE8EB49}.Release|Any CPU.Build.0 = Release|Any CPU
		{21668D7C-3415-4BCC-8A64-3C6511B47A47}.Debug|Any CPU.ActiveCfg = Debug|Any CPU
		{21668D7C-3415-4BCC-8A64-3C6511B47A47}.Debug|Any CPU.Build.0 = Debug|Any CPU
		{21668D7C-3415-4BCC-8A64-3C6511B47A47}.Release|Any CPU.ActiveCfg = Release|Any CPU
		{21668D7C-3415-4BCC-8A64-3C6511B47A47}.Release|Any CPU.Build.0 = Release|Any CPU
		{C810974D-ED6C-4841-BC38-2E047CB65318}.Debug|Any CPU.ActiveCfg = Debug|Any CPU
		{C810974D-ED6C-4841-BC38-2E047CB65318}.Debug|Any CPU.Build.0 = Debug|Any CPU
		{C810974D-ED6C-4841-BC38-2E047CB65318}.Release|Any CPU.ActiveCfg = Release|Any CPU
		{C810974D-ED6C-4841-BC38-2E047CB65318}.Release|Any CPU.Build.0 = Release|Any CPU
	EndGlobalSection
	GlobalSection(SolutionProperties) = preSolution
		HideSolutionNode = FALSE
	EndGlobalSection
EndGlobal
